
Microsoft Visual Studio Solution File, Format Version 12.00
# Visual Studio Version 16
VisualStudioVersion = 16.0.810.16
MinimumVisualStudioVersion = 10.0.40219.1
Project("{9A19103F-16F7-4668-BE54-9A1E7A4F7556}") = "mdDiLeuRatioParser", "mdDiLeuRatioParser\mdDiLeuRatioParser.csproj", "{386B29B5-9C19-4FFE-9850-59D8B5D30CE8}"
EndProject
Project("{FAE04EC0-301F-11D3-BF4B-00C04F79EFBC}") = "mdDiLeuRatioParserTests", "mdDiLeuRatioParserTests\mdDiLeuRatioParserTests.csproj", "{664023BB-E9BE-4C52-A683-E5E3833AB3FA}"
EndProject
Project("{FAE04EC0-301F-11D3-BF4B-00C04F79EFBC}") = "DiLeuParserGUI", "DiLeuParserGUI\DiLeuParserGUI.csproj", "{6BADB1E9-CBD3-4826-8802-670A4E3B871C}"
EndProject
Global
	GlobalSection(SolutionConfigurationPlatforms) = preSolution
		Debug|Any CPU = Debug|Any CPU
		Release|Any CPU = Release|Any CPU
	EndGlobalSection
	GlobalSection(ProjectConfigurationPlatforms) = postSolution
		{386B29B5-9C19-4FFE-9850-59D8B5D30CE8}.Debug|Any CPU.ActiveCfg = Debug|Any CPU
		{386B29B5-9C19-4FFE-9850-59D8B5D30CE8}.Debug|Any CPU.Build.0 = Debug|Any CPU
		{386B29B5-9C19-4FFE-9850-59D8B5D30CE8}.Release|Any CPU.ActiveCfg = Release|Any CPU
		{386B29B5-9C19-4FFE-9850-59D8B5D30CE8}.Release|Any CPU.Build.0 = Release|Any CPU
		{664023BB-E9BE-4C52-A683-E5E3833AB3FA}.Debug|Any CPU.ActiveCfg = Debug|Any CPU
		{664023BB-E9BE-4C52-A683-E5E3833AB3FA}.Debug|Any CPU.Build.0 = Debug|Any CPU
		{664023BB-E9BE-4C52-A683-E5E3833AB3FA}.Release|Any CPU.ActiveCfg = Release|Any CPU
		{664023BB-E9BE-4C52-A683-E5E3833AB3FA}.Release|Any CPU.Build.0 = Release|Any CPU
		{6BADB1E9-CBD3-4826-8802-670A4E3B871C}.Debug|Any CPU.ActiveCfg = Debug|Any CPU
		{6BADB1E9-CBD3-4826-8802-670A4E3B871C}.Debug|Any CPU.Build.0 = Debug|Any CPU
		{6BADB1E9-CBD3-4826-8802-670A4E3B871C}.Release|Any CPU.ActiveCfg = Release|Any CPU
		{6BADB1E9-CBD3-4826-8802-670A4E3B871C}.Release|Any CPU.Build.0 = Release|Any CPU
	EndGlobalSection
	GlobalSection(SolutionProperties) = preSolution
		HideSolutionNode = FALSE
	EndGlobalSection
	GlobalSection(ExtensibilityGlobals) = postSolution
		SolutionGuid = {DA61B661-3951-46C3-84C5-F0B3C41B33FF}
	EndGlobalSection
EndGlobal
